// !$*UTF8*$!
{
	archiveVersion = 1;
	classes = {
	};
	objectVersion = 70;
	objects = {

/* Begin PBXBuildFile section */
		A508C6582CFF5D3C007E527D /* MapViewController.swift in Sources */ = {isa = PBXBuildFile; fileRef = A508C6572CFF5D3A007E527D /* MapViewController.swift */; };
		A516ADED2B2664C4003A467A /* EventViewController.swift in Sources */ = {isa = PBXBuildFile; fileRef = A516ADEC2B2664C4003A467A /* EventViewController.swift */; };
		A516ADEF2B2669B2003A467A /* AppHeaderView.swift in Sources */ = {isa = PBXBuildFile; fileRef = A516ADEE2B2669B2003A467A /* AppHeaderView.swift */; };
		A527AFF32CE8E37800086737 /* PointCreationViewController.swift in Sources */ = {isa = PBXBuildFile; fileRef = A527AFF22CE8E36A00086737 /* PointCreationViewController.swift */; };
		A527AFF52CEA0D0D00086737 /* PointExitingViewController.swift in Sources */ = {isa = PBXBuildFile; fileRef = A527AFF42CEA0D0400086737 /* PointExitingViewController.swift */; };
		A52F120C2CAEA0A300C3274B /* PopupView.swift in Sources */ = {isa = PBXBuildFile; fileRef = A52F120B2CAEA0A300C3274B /* PopupView.swift */; };
		A52F120E2CAEAF2800C3274B /* EventCreationViewController.swift in Sources */ = {isa = PBXBuildFile; fileRef = A52F120D2CAEAF2800C3274B /* EventCreationViewController.swift */; };
		A52F12102CAEB93400C3274B /* ErrorView.swift in Sources */ = {isa = PBXBuildFile; fileRef = A52F120F2CAEB93400C3274B /* ErrorView.swift */; };
		A52F12122CAECEFF00C3274B /* IconButton.swift in Sources */ = {isa = PBXBuildFile; fileRef = A52F12112CAECEFF00C3274B /* IconButton.swift */; };
		A52F12142CAEF1FE00C3274B /* SelectedImagesCell.swift in Sources */ = {isa = PBXBuildFile; fileRef = A52F12132CAEF1FE00C3274B /* SelectedImagesCell.swift */; };
		A52F12172CAEF2F800C3274B /* Reusable in Frameworks */ = {isa = PBXBuildFile; productRef = A52F12162CAEF2F800C3274B /* Reusable */; };
		A53166A22B4B0D0200A8B64F /* EventPointTableViewCell.swift in Sources */ = {isa = PBXBuildFile; fileRef = A53166A12B4B0D0200A8B64F /* EventPointTableViewCell.swift */; };
		A53166A42B4B2A1800A8B64F /* PointViewController.swift in Sources */ = {isa = PBXBuildFile; fileRef = A53166A32B4B2A1800A8B64F /* PointViewController.swift */; };
		A53166A62B4B447400A8B64F /* ProfileViewController.swift in Sources */ = {isa = PBXBuildFile; fileRef = A53166A52B4B447400A8B64F /* ProfileViewController.swift */; };
		A53166A82B4B44A700A8B64F /* SettingsCell.swift in Sources */ = {isa = PBXBuildFile; fileRef = A53166A72B4B44A700A8B64F /* SettingsCell.swift */; };
		A53166AA2B4B44BB00A8B64F /* SettingsSection.swift in Sources */ = {isa = PBXBuildFile; fileRef = A53166A92B4B44BB00A8B64F /* SettingsSection.swift */; };
		A53166AC2B4B44D100A8B64F /* UserInfoHeader.swift in Sources */ = {isa = PBXBuildFile; fileRef = A53166AB2B4B44D100A8B64F /* UserInfoHeader.swift */; };
		A53166AE2B4B4A4000A8B64F /* ProfileViewConstants.swift in Sources */ = {isa = PBXBuildFile; fileRef = A53166AD2B4B4A4000A8B64F /* ProfileViewConstants.swift */; };
		A53166B02B4B4B7100A8B64F /* PlugViewController.swift in Sources */ = {isa = PBXBuildFile; fileRef = A53166AF2B4B4B7100A8B64F /* PlugViewController.swift */; };
		A532486B2B159A82008AD9DF /* AppDelegate.swift in Sources */ = {isa = PBXBuildFile; fileRef = A532486A2B159A82008AD9DF /* AppDelegate.swift */; };
		A532486D2B159A82008AD9DF /* SceneDelegate.swift in Sources */ = {isa = PBXBuildFile; fileRef = A532486C2B159A82008AD9DF /* SceneDelegate.swift */; };
		A532486F2B159A82008AD9DF /* ViewController.swift in Sources */ = {isa = PBXBuildFile; fileRef = A532486E2B159A82008AD9DF /* ViewController.swift */; };
		A53248722B159A82008AD9DF /* Main.storyboard in Resources */ = {isa = PBXBuildFile; fileRef = A53248702B159A82008AD9DF /* Main.storyboard */; };
		A53248742B159A83008AD9DF /* Assets.xcassets in Resources */ = {isa = PBXBuildFile; fileRef = A53248732B159A83008AD9DF /* Assets.xcassets */; };
		A53248772B159A83008AD9DF /* LaunchScreen.storyboard in Resources */ = {isa = PBXBuildFile; fileRef = A53248752B159A83008AD9DF /* LaunchScreen.storyboard */; };
		A532487F2B159AD5008AD9DF /* TabBar.swift in Sources */ = {isa = PBXBuildFile; fileRef = A532487E2B159AD5008AD9DF /* TabBar.swift */; };
		A53248822B159D10008AD9DF /* SnapKit in Frameworks */ = {isa = PBXBuildFile; productRef = A53248812B159D10008AD9DF /* SnapKit */; };
		A5327BA72B224AE200E40ABE /* GoogleService-Info.plist in Resources */ = {isa = PBXBuildFile; fileRef = A5327BA62B224AE100E40ABE /* GoogleService-Info.plist */; };
		A5327BA92B224D1200E40ABE /* EventsViewController.swift in Sources */ = {isa = PBXBuildFile; fileRef = A5327BA82B224D1200E40ABE /* EventsViewController.swift */; };
		A5327BAB2B224E0C00E40ABE /* AppMainHeaderView.swift in Sources */ = {isa = PBXBuildFile; fileRef = A5327BAA2B224E0C00E40ABE /* AppMainHeaderView.swift */; };
		A5327BAD2B2254BB00E40ABE /* EventsTableViewCell.swift in Sources */ = {isa = PBXBuildFile; fileRef = A5327BAC2B2254BB00E40ABE /* EventsTableViewCell.swift */; };
		A5327BAF2B2258DA00E40ABE /* EventsModel.swift in Sources */ = {isa = PBXBuildFile; fileRef = A5327BAE2B2258DA00E40ABE /* EventsModel.swift */; };
		A5327BB12B22604900E40ABE /* DatabaseRepresentation.swift in Sources */ = {isa = PBXBuildFile; fileRef = A5327BB02B22604900E40ABE /* DatabaseRepresentation.swift */; };
		A5327BB42B2260BA00E40ABE /* EventAuthorModel.swift in Sources */ = {isa = PBXBuildFile; fileRef = A5327BB32B2260BA00E40ABE /* EventAuthorModel.swift */; };
		A5327BB62B2276A900E40ABE /* LoadingCell.swift in Sources */ = {isa = PBXBuildFile; fileRef = A5327BB52B2276A900E40ABE /* LoadingCell.swift */; };
		A5327BBA2B230CC900E40ABE /* DatabaseManager.swift in Sources */ = {isa = PBXBuildFile; fileRef = A5327BB92B230CC900E40ABE /* DatabaseManager.swift */; };
		A5327BBC2B2312CD00E40ABE /* ImageService.swift in Sources */ = {isa = PBXBuildFile; fileRef = A5327BBB2B2312CD00E40ABE /* ImageService.swift */; };
		A543C8BC2C2AB32200B1CD49 /* UIView+extention.swift in Sources */ = {isa = PBXBuildFile; fileRef = A543C8BB2C2AB32200B1CD49 /* UIView+extention.swift */; };
		A543C8BE2C2AFF9A00B1CD49 /* CustomChipsFilterButton.swift in Sources */ = {isa = PBXBuildFile; fileRef = A543C8BD2C2AFF9A00B1CD49 /* CustomChipsFilterButton.swift */; };
		A5478E302CEF5FDC003D479B /* StorageService.swift in Sources */ = {isa = PBXBuildFile; fileRef = A5478E2F2CEF5FD5003D479B /* StorageService.swift */; };
		A5D2EED62B17300C00B0151A /* AuthViewController.swift in Sources */ = {isa = PBXBuildFile; fileRef = A5D2EED52B17300C00B0151A /* AuthViewController.swift */; };
		A5D2EED92B17356F00B0151A /* CustomButton.swift in Sources */ = {isa = PBXBuildFile; fileRef = A5D2EED82B17356F00B0151A /* CustomButton.swift */; };
		A5D2EEDB2B1735A800B0151A /* CustomTextField.swift in Sources */ = {isa = PBXBuildFile; fileRef = A5D2EEDA2B1735A800B0151A /* CustomTextField.swift */; };
		A5D2EEDD2B173B7800B0151A /* AuthPresenter.swift in Sources */ = {isa = PBXBuildFile; fileRef = A5D2EEDC2B173B7800B0151A /* AuthPresenter.swift */; };
		A5D2EEE02B173BEF00B0151A /* FirebaseAppCheck in Frameworks */ = {isa = PBXBuildFile; productRef = A5D2EEDF2B173BEF00B0151A /* FirebaseAppCheck */; };
		A5D2EEE22B173BEF00B0151A /* FirebaseAuth in Frameworks */ = {isa = PBXBuildFile; productRef = A5D2EEE12B173BEF00B0151A /* FirebaseAuth */; };
		A5D2EEE42B173BEF00B0151A /* FirebaseDatabase in Frameworks */ = {isa = PBXBuildFile; productRef = A5D2EEE32B173BEF00B0151A /* FirebaseDatabase */; };
		A5D2EEE62B173BEF00B0151A /* FirebaseDatabaseSwift in Frameworks */ = {isa = PBXBuildFile; productRef = A5D2EEE52B173BEF00B0151A /* FirebaseDatabaseSwift */; };
		A5D2EEE82B173BEF00B0151A /* FirebaseFirestore in Frameworks */ = {isa = PBXBuildFile; productRef = A5D2EEE72B173BEF00B0151A /* FirebaseFirestore */; };
		A5D2EEEA2B173BEF00B0151A /* FirebaseFirestoreSwift in Frameworks */ = {isa = PBXBuildFile; productRef = A5D2EEE92B173BEF00B0151A /* FirebaseFirestoreSwift */; };
		A5D2EEEC2B173BEF00B0151A /* FirebaseFunctions in Frameworks */ = {isa = PBXBuildFile; productRef = A5D2EEEB2B173BEF00B0151A /* FirebaseFunctions */; };
		A5D2EEEE2B173BEF00B0151A /* FirebaseInAppMessaging-Beta in Frameworks */ = {isa = PBXBuildFile; productRef = A5D2EEED2B173BEF00B0151A /* FirebaseInAppMessaging-Beta */; };
		A5D2EEF02B173BEF00B0151A /* FirebaseInAppMessagingSwift-Beta in Frameworks */ = {isa = PBXBuildFile; productRef = A5D2EEEF2B173BEF00B0151A /* FirebaseInAppMessagingSwift-Beta */; };
		A5D2EEF22B173BEF00B0151A /* FirebaseInstallations in Frameworks */ = {isa = PBXBuildFile; productRef = A5D2EEF12B173BEF00B0151A /* FirebaseInstallations */; };
		A5D2EEF42B173BEF00B0151A /* FirebaseMessaging in Frameworks */ = {isa = PBXBuildFile; productRef = A5D2EEF32B173BEF00B0151A /* FirebaseMessaging */; };
		A5D2EEF62B173BEF00B0151A /* FirebasePerformance in Frameworks */ = {isa = PBXBuildFile; productRef = A5D2EEF52B173BEF00B0151A /* FirebasePerformance */; };
		A5D2EEF82B173BEF00B0151A /* FirebaseRemoteConfig in Frameworks */ = {isa = PBXBuildFile; productRef = A5D2EEF72B173BEF00B0151A /* FirebaseRemoteConfig */; };
		A5D2EEFA2B173BEF00B0151A /* FirebaseStorage in Frameworks */ = {isa = PBXBuildFile; productRef = A5D2EEF92B173BEF00B0151A /* FirebaseStorage */; };
		A5D2EEFC2B175E5700B0151A /* CauseOfError.swift in Sources */ = {isa = PBXBuildFile; fileRef = A5D2EEFB2B175E5700B0151A /* CauseOfError.swift */; };
		A5D2EEFE2B17993C00B0151A /* UserService.swift in Sources */ = {isa = PBXBuildFile; fileRef = A5D2EEFD2B17993C00B0151A /* UserService.swift */; };
		A5D2EF002B17997400B0151A /* UserProfile.swift in Sources */ = {isa = PBXBuildFile; fileRef = A5D2EEFF2B17997400B0151A /* UserProfile.swift */; };
		A5D2EF042B1B919E00B0151A /* RegPresenter.swift in Sources */ = {isa = PBXBuildFile; fileRef = A5D2EF032B1B919E00B0151A /* RegPresenter.swift */; };
		A5D2EF062B1B91D000B0151A /* RegView.swift in Sources */ = {isa = PBXBuildFile; fileRef = A5D2EF052B1B91D000B0151A /* RegView.swift */; };
		A5D2EF082B1B937E00B0151A /* UIViewController+Extension.swift in Sources */ = {isa = PBXBuildFile; fileRef = A5D2EF072B1B937E00B0151A /* UIViewController+Extension.swift */; };
		A5D2EF0B2B1B97E500B0151A /* ForgotPasswordPresenter.swift in Sources */ = {isa = PBXBuildFile; fileRef = A5D2EF0A2B1B97E500B0151A /* ForgotPasswordPresenter.swift */; };
		A5D2EF0D2B1B980600B0151A /* ForgotPassViewController.swift in Sources */ = {isa = PBXBuildFile; fileRef = A5D2EF0C2B1B980600B0151A /* ForgotPassViewController.swift */; };
		A5E5AA522D3964CF007ADEF5 /* History.swift in Sources */ = {isa = PBXBuildFile; fileRef = A5E5AA512D3964CA007ADEF5 /* History.swift */; };
		A5E5AA542D396679007ADEF5 /* HistoryTableViewCell.swift in Sources */ = {isa = PBXBuildFile; fileRef = A5E5AA532D396678007ADEF5 /* HistoryTableViewCell.swift */; };
		A5F2E4BD2D08AA00002F00EA /* RecordVC.swift in Sources */ = {isa = PBXBuildFile; fileRef = A5F2E4BC2D08A9F8002F00EA /* RecordVC.swift */; };
		A5F2E4BF2D099516002F00EA /* WaveformView.swift in Sources */ = {isa = PBXBuildFile; fileRef = A5F2E4BE2D099515002F00EA /* WaveformView.swift */; };
		A5F30EE02B3BC88800241D40 /* PhotoCell.swift in Sources */ = {isa = PBXBuildFile; fileRef = A5F30EDF2B3BC88800241D40 /* PhotoCell.swift */; };
/* End PBXBuildFile section */

/* Begin PBXFileReference section */
		A508C6572CFF5D3A007E527D /* MapViewController.swift */ = {isa = PBXFileReference; lastKnownFileType = sourcecode.swift; path = MapViewController.swift; sourceTree = "<group>"; };
		A516ADEC2B2664C4003A467A /* EventViewController.swift */ = {isa = PBXFileReference; lastKnownFileType = sourcecode.swift; path = EventViewController.swift; sourceTree = "<group>"; };
		A516ADEE2B2669B2003A467A /* AppHeaderView.swift */ = {isa = PBXFileReference; lastKnownFileType = sourcecode.swift; path = AppHeaderView.swift; sourceTree = "<group>"; };
		A527AFF22CE8E36A00086737 /* PointCreationViewController.swift */ = {isa = PBXFileReference; lastKnownFileType = sourcecode.swift; path = PointCreationViewController.swift; sourceTree = "<group>"; };
		A527AFF42CEA0D0400086737 /* PointExitingViewController.swift */ = {isa = PBXFileReference; lastKnownFileType = sourcecode.swift; path = PointExitingViewController.swift; sourceTree = "<group>"; };
		A52F120B2CAEA0A300C3274B /* PopupView.swift */ = {isa = PBXFileReference; lastKnownFileType = sourcecode.swift; path = PopupView.swift; sourceTree = "<group>"; };
		A52F120D2CAEAF2800C3274B /* EventCreationViewController.swift */ = {isa = PBXFileReference; lastKnownFileType = sourcecode.swift; path = EventCreationViewController.swift; sourceTree = "<group>"; };
		A52F120F2CAEB93400C3274B /* ErrorView.swift */ = {isa = PBXFileReference; lastKnownFileType = sourcecode.swift; path = ErrorView.swift; sourceTree = "<group>"; };
		A52F12112CAECEFF00C3274B /* IconButton.swift */ = {isa = PBXFileReference; lastKnownFileType = sourcecode.swift; path = IconButton.swift; sourceTree = "<group>"; };
		A52F12132CAEF1FE00C3274B /* SelectedImagesCell.swift */ = {isa = PBXFileReference; lastKnownFileType = sourcecode.swift; path = SelectedImagesCell.swift; sourceTree = "<group>"; };
		A53166A12B4B0D0200A8B64F /* EventPointTableViewCell.swift */ = {isa = PBXFileReference; lastKnownFileType = sourcecode.swift; path = EventPointTableViewCell.swift; sourceTree = "<group>"; };
		A53166A32B4B2A1800A8B64F /* PointViewController.swift */ = {isa = PBXFileReference; lastKnownFileType = sourcecode.swift; path = PointViewController.swift; sourceTree = "<group>"; };
		A53166A52B4B447400A8B64F /* ProfileViewController.swift */ = {isa = PBXFileReference; lastKnownFileType = sourcecode.swift; path = ProfileViewController.swift; sourceTree = "<group>"; };
		A53166A72B4B44A700A8B64F /* SettingsCell.swift */ = {isa = PBXFileReference; lastKnownFileType = sourcecode.swift; path = SettingsCell.swift; sourceTree = "<group>"; };
		A53166A92B4B44BB00A8B64F /* SettingsSection.swift */ = {isa = PBXFileReference; lastKnownFileType = sourcecode.swift; path = SettingsSection.swift; sourceTree = "<group>"; };
		A53166AB2B4B44D100A8B64F /* UserInfoHeader.swift */ = {isa = PBXFileReference; lastKnownFileType = sourcecode.swift; path = UserInfoHeader.swift; sourceTree = "<group>"; };
		A53166AD2B4B4A4000A8B64F /* ProfileViewConstants.swift */ = {isa = PBXFileReference; lastKnownFileType = sourcecode.swift; path = ProfileViewConstants.swift; sourceTree = "<group>"; };
		A53166AF2B4B4B7100A8B64F /* PlugViewController.swift */ = {isa = PBXFileReference; lastKnownFileType = sourcecode.swift; path = PlugViewController.swift; sourceTree = "<group>"; };
		A53248672B159A82008AD9DF /* ARtivity.app */ = {isa = PBXFileReference; explicitFileType = wrapper.application; includeInIndex = 0; path = ARtivity.app; sourceTree = BUILT_PRODUCTS_DIR; };
		A532486A2B159A82008AD9DF /* AppDelegate.swift */ = {isa = PBXFileReference; lastKnownFileType = sourcecode.swift; path = AppDelegate.swift; sourceTree = "<group>"; };
		A532486C2B159A82008AD9DF /* SceneDelegate.swift */ = {isa = PBXFileReference; lastKnownFileType = sourcecode.swift; path = SceneDelegate.swift; sourceTree = "<group>"; };
		A532486E2B159A82008AD9DF /* ViewController.swift */ = {isa = PBXFileReference; lastKnownFileType = sourcecode.swift; path = ViewController.swift; sourceTree = "<group>"; };
		A53248712B159A82008AD9DF /* Base */ = {isa = PBXFileReference; lastKnownFileType = file.storyboard; name = Base; path = Base.lproj/Main.storyboard; sourceTree = "<group>"; };
		A53248732B159A83008AD9DF /* Assets.xcassets */ = {isa = PBXFileReference; lastKnownFileType = folder.assetcatalog; path = Assets.xcassets; sourceTree = "<group>"; };
		A53248762B159A83008AD9DF /* Base */ = {isa = PBXFileReference; lastKnownFileType = file.storyboard; name = Base; path = Base.lproj/LaunchScreen.storyboard; sourceTree = "<group>"; };
		A53248782B159A83008AD9DF /* Info.plist */ = {isa = PBXFileReference; lastKnownFileType = text.plist.xml; path = Info.plist; sourceTree = "<group>"; };
		A532487E2B159AD5008AD9DF /* TabBar.swift */ = {isa = PBXFileReference; lastKnownFileType = sourcecode.swift; path = TabBar.swift; sourceTree = "<group>"; };
		A5327BA62B224AE100E40ABE /* GoogleService-Info.plist */ = {isa = PBXFileReference; fileEncoding = 4; lastKnownFileType = text.plist.xml; path = "GoogleService-Info.plist"; sourceTree = "<group>"; };
		A5327BA82B224D1200E40ABE /* EventsViewController.swift */ = {isa = PBXFileReference; lastKnownFileType = sourcecode.swift; path = EventsViewController.swift; sourceTree = "<group>"; };
		A5327BAA2B224E0C00E40ABE /* AppMainHeaderView.swift */ = {isa = PBXFileReference; lastKnownFileType = sourcecode.swift; path = AppMainHeaderView.swift; sourceTree = "<group>"; };
		A5327BAC2B2254BB00E40ABE /* EventsTableViewCell.swift */ = {isa = PBXFileReference; lastKnownFileType = sourcecode.swift; path = EventsTableViewCell.swift; sourceTree = "<group>"; };
		A5327BAE2B2258DA00E40ABE /* EventsModel.swift */ = {isa = PBXFileReference; lastKnownFileType = sourcecode.swift; path = EventsModel.swift; sourceTree = "<group>"; };
		A5327BB02B22604900E40ABE /* DatabaseRepresentation.swift */ = {isa = PBXFileReference; lastKnownFileType = sourcecode.swift; path = DatabaseRepresentation.swift; sourceTree = "<group>"; };
		A5327BB32B2260BA00E40ABE /* EventAuthorModel.swift */ = {isa = PBXFileReference; lastKnownFileType = sourcecode.swift; path = EventAuthorModel.swift; sourceTree = "<group>"; };
		A5327BB52B2276A900E40ABE /* LoadingCell.swift */ = {isa = PBXFileReference; lastKnownFileType = sourcecode.swift; path = LoadingCell.swift; sourceTree = "<group>"; };
		A5327BB92B230CC900E40ABE /* DatabaseManager.swift */ = {isa = PBXFileReference; lastKnownFileType = sourcecode.swift; path = DatabaseManager.swift; sourceTree = "<group>"; };
		A5327BBB2B2312CD00E40ABE /* ImageService.swift */ = {isa = PBXFileReference; lastKnownFileType = sourcecode.swift; path = ImageService.swift; sourceTree = "<group>"; };
		A543C8BB2C2AB32200B1CD49 /* UIView+extention.swift */ = {isa = PBXFileReference; lastKnownFileType = sourcecode.swift; path = "UIView+extention.swift"; sourceTree = "<group>"; };
		A543C8BD2C2AFF9A00B1CD49 /* CustomChipsFilterButton.swift */ = {isa = PBXFileReference; lastKnownFileType = sourcecode.swift; path = CustomChipsFilterButton.swift; sourceTree = "<group>"; };
		A5478E2F2CEF5FD5003D479B /* StorageService.swift */ = {isa = PBXFileReference; lastKnownFileType = sourcecode.swift; path = StorageService.swift; sourceTree = "<group>"; };
		A5D2EED52B17300C00B0151A /* AuthViewController.swift */ = {isa = PBXFileReference; lastKnownFileType = sourcecode.swift; path = AuthViewController.swift; sourceTree = "<group>"; };
		A5D2EED82B17356F00B0151A /* CustomButton.swift */ = {isa = PBXFileReference; lastKnownFileType = sourcecode.swift; path = CustomButton.swift; sourceTree = "<group>"; };
		A5D2EEDA2B1735A800B0151A /* CustomTextField.swift */ = {isa = PBXFileReference; lastKnownFileType = sourcecode.swift; path = CustomTextField.swift; sourceTree = "<group>"; };
		A5D2EEDC2B173B7800B0151A /* AuthPresenter.swift */ = {isa = PBXFileReference; lastKnownFileType = sourcecode.swift; path = AuthPresenter.swift; sourceTree = "<group>"; };
		A5D2EEFB2B175E5700B0151A /* CauseOfError.swift */ = {isa = PBXFileReference; lastKnownFileType = sourcecode.swift; path = CauseOfError.swift; sourceTree = "<group>"; };
		A5D2EEFD2B17993C00B0151A /* UserService.swift */ = {isa = PBXFileReference; lastKnownFileType = sourcecode.swift; path = UserService.swift; sourceTree = "<group>"; };
		A5D2EEFF2B17997400B0151A /* UserProfile.swift */ = {isa = PBXFileReference; lastKnownFileType = sourcecode.swift; path = UserProfile.swift; sourceTree = "<group>"; };
		A5D2EF032B1B919E00B0151A /* RegPresenter.swift */ = {isa = PBXFileReference; lastKnownFileType = sourcecode.swift; path = RegPresenter.swift; sourceTree = "<group>"; };
		A5D2EF052B1B91D000B0151A /* RegView.swift */ = {isa = PBXFileReference; lastKnownFileType = sourcecode.swift; path = RegView.swift; sourceTree = "<group>"; };
		A5D2EF072B1B937E00B0151A /* UIViewController+Extension.swift */ = {isa = PBXFileReference; lastKnownFileType = sourcecode.swift; path = "UIViewController+Extension.swift"; sourceTree = "<group>"; };
		A5D2EF0A2B1B97E500B0151A /* ForgotPasswordPresenter.swift */ = {isa = PBXFileReference; lastKnownFileType = sourcecode.swift; path = ForgotPasswordPresenter.swift; sourceTree = "<group>"; };
		A5D2EF0C2B1B980600B0151A /* ForgotPassViewController.swift */ = {isa = PBXFileReference; lastKnownFileType = sourcecode.swift; path = ForgotPassViewController.swift; sourceTree = "<group>"; };
		A5E5AA512D3964CA007ADEF5 /* History.swift */ = {isa = PBXFileReference; lastKnownFileType = sourcecode.swift; path = History.swift; sourceTree = "<group>"; };
		A5E5AA532D396678007ADEF5 /* HistoryTableViewCell.swift */ = {isa = PBXFileReference; lastKnownFileType = sourcecode.swift; path = HistoryTableViewCell.swift; sourceTree = "<group>"; };
		A5F2E4BC2D08A9F8002F00EA /* RecordVC.swift */ = {isa = PBXFileReference; lastKnownFileType = sourcecode.swift; path = RecordVC.swift; sourceTree = "<group>"; };
		A5F2E4BE2D099515002F00EA /* WaveformView.swift */ = {isa = PBXFileReference; lastKnownFileType = sourcecode.swift; path = WaveformView.swift; sourceTree = "<group>"; };
		A5F30EDF2B3BC88800241D40 /* PhotoCell.swift */ = {isa = PBXFileReference; lastKnownFileType = sourcecode.swift; path = PhotoCell.swift; sourceTree = "<group>"; };
/* End PBXFileReference section */

/* Begin PBXFileSystemSynchronizedRootGroup section */
		A5E633DA2D3302D9005813C7 /* Ads */ = {isa = PBXFileSystemSynchronizedRootGroup; explicitFileTypes = {}; explicitFolders = (); path = Ads; sourceTree = "<group>"; };
/* End PBXFileSystemSynchronizedRootGroup section */

/* Begin PBXFrameworksBuildPhase section */
		A53248642B159A82008AD9DF /* Frameworks */ = {
			isa = PBXFrameworksBuildPhase;
			buildActionMask = 2147483647;
			files = (
				A5D2EEF42B173BEF00B0151A /* FirebaseMessaging in Frameworks */,
				A5D2EEF22B173BEF00B0151A /* FirebaseInstallations in Frameworks */,
				A5D2EEE62B173BEF00B0151A /* FirebaseDatabaseSwift in Frameworks */,
				A5D2EEF82B173BEF00B0151A /* FirebaseRemoteConfig in Frameworks */,
				A5D2EEE02B173BEF00B0151A /* FirebaseAppCheck in Frameworks */,
				A5D2EEF02B173BEF00B0151A /* FirebaseInAppMessagingSwift-Beta in Frameworks */,
				A5D2EEEE2B173BEF00B0151A /* FirebaseInAppMessaging-Beta in Frameworks */,
				A5D2EEE22B173BEF00B0151A /* FirebaseAuth in Frameworks */,
				A5D2EEFA2B173BEF00B0151A /* FirebaseStorage in Frameworks */,
				A5D2EEEC2B173BEF00B0151A /* FirebaseFunctions in Frameworks */,
				A5D2EEEA2B173BEF00B0151A /* FirebaseFirestoreSwift in Frameworks */,
				A5D2EEE42B173BEF00B0151A /* FirebaseDatabase in Frameworks */,
				A5D2EEF62B173BEF00B0151A /* FirebasePerformance in Frameworks */,
				A53248822B159D10008AD9DF /* SnapKit in Frameworks */,
				A5D2EEE82B173BEF00B0151A /* FirebaseFirestore in Frameworks */,
				A52F12172CAEF2F800C3274B /* Reusable in Frameworks */,
			);
			runOnlyForDeploymentPostprocessing = 0;
		};
/* End PBXFrameworksBuildPhase section */

/* Begin PBXGroup section */
		6BA279DFA48BA693F71D30E9 /* Pods */ = {
			isa = PBXGroup;
			children = (
			);
			path = Pods;
			sourceTree = "<group>";
		};
		A52F11F42CAE886E00C3274B /* EventCreation */ = {
			isa = PBXGroup;
			children = (
				A5F2E4BC2D08A9F8002F00EA /* RecordVC.swift */,
				A5478E2F2CEF5FD5003D479B /* StorageService.swift */,
				A527AFF42CEA0D0400086737 /* PointExitingViewController.swift */,
				A527AFF22CE8E36A00086737 /* PointCreationViewController.swift */,
				A52F120F2CAEB93400C3274B /* ErrorView.swift */,
				A52F12112CAECEFF00C3274B /* IconButton.swift */,
				A52F12132CAEF1FE00C3274B /* SelectedImagesCell.swift */,
				A52F120D2CAEAF2800C3274B /* EventCreationViewController.swift */,
			);
			path = EventCreation;
			sourceTree = "<group>";
		};
		A532485E2B159A82008AD9DF = {
			isa = PBXGroup;
			children = (
				A53248692B159A82008AD9DF /* ARtivity */,
				A53248682B159A82008AD9DF /* Products */,
				6BA279DFA48BA693F71D30E9 /* Pods */,
			);
			sourceTree = "<group>";
		};
		A53248682B159A82008AD9DF /* Products */ = {
			isa = PBXGroup;
			children = (
				A53248672B159A82008AD9DF /* ARtivity.app */,
			);
			name = Products;
			sourceTree = "<group>";
		};
		A53248692B159A82008AD9DF /* ARtivity */ = {
			isa = PBXGroup;
			children = (
				A5E633DA2D3302D9005813C7 /* Ads */,
				A52F11F42CAE886E00C3274B /* EventCreation */,
				A543C8BA2C2AB30D00B1CD49 /* Extentions */,
				A5D2EED72B17355700B0151A /* Custom */,
				A53248862B159D3F008AD9DF /* Events */,
				A53248852B159D36008AD9DF /* Map */,
				A53248842B159D2A008AD9DF /* Auth */,
				A53248832B159D1F008AD9DF /* Profile */,
				A532486A2B159A82008AD9DF /* AppDelegate.swift */,
				A532486C2B159A82008AD9DF /* SceneDelegate.swift */,
				A532486E2B159A82008AD9DF /* ViewController.swift */,
				A53248702B159A82008AD9DF /* Main.storyboard */,
				A53248732B159A83008AD9DF /* Assets.xcassets */,
				A53248752B159A83008AD9DF /* LaunchScreen.storyboard */,
				A53248782B159A83008AD9DF /* Info.plist */,
				A532487E2B159AD5008AD9DF /* TabBar.swift */,
				A5327BA62B224AE100E40ABE /* GoogleService-Info.plist */,
				A5D2EEFB2B175E5700B0151A /* CauseOfError.swift */,
				A5D2EEFD2B17993C00B0151A /* UserService.swift */,
				A5D2EEFF2B17997400B0151A /* UserProfile.swift */,
				A5327BB22B22605000E40ABE /* Model */,
				A5327BB92B230CC900E40ABE /* DatabaseManager.swift */,
			);
			path = ARtivity;
			sourceTree = "<group>";
		};
		A53248832B159D1F008AD9DF /* Profile */ = {
			isa = PBXGroup;
			children = (
				A5E5AA532D396678007ADEF5 /* HistoryTableViewCell.swift */,
				A5E5AA512D3964CA007ADEF5 /* History.swift */,
				A53166A52B4B447400A8B64F /* ProfileViewController.swift */,
				A53166A72B4B44A700A8B64F /* SettingsCell.swift */,
				A53166A92B4B44BB00A8B64F /* SettingsSection.swift */,
				A53166AB2B4B44D100A8B64F /* UserInfoHeader.swift */,
				A53166AD2B4B4A4000A8B64F /* ProfileViewConstants.swift */,
				A53166AF2B4B4B7100A8B64F /* PlugViewController.swift */,
			);
			path = Profile;
			sourceTree = "<group>";
		};
		A53248842B159D2A008AD9DF /* Auth */ = {
			isa = PBXGroup;
			children = (
				A5D2EF092B1B97DB00B0151A /* restore */,
				A5D2EF022B1B919100B0151A /* registration */,
				A5D2EF012B1B914400B0151A /* sign in */,
			);
			path = Auth;
			sourceTree = "<group>";
		};
		A53248852B159D36008AD9DF /* Map */ = {
			isa = PBXGroup;
			children = (
				A508C6572CFF5D3A007E527D /* MapViewController.swift */,
			);
			path = Map;
			sourceTree = "<group>";
		};
		A53248862B159D3F008AD9DF /* Events */ = {
			isa = PBXGroup;
			children = (
				A5327BA82B224D1200E40ABE /* EventsViewController.swift */,
				A5327BAC2B2254BB00E40ABE /* EventsTableViewCell.swift */,
				A5327BAE2B2258DA00E40ABE /* EventsModel.swift */,
				A5327BB52B2276A900E40ABE /* LoadingCell.swift */,
				A5327BBB2B2312CD00E40ABE /* ImageService.swift */,
				A516ADEC2B2664C4003A467A /* EventViewController.swift */,
				A5F30EDF2B3BC88800241D40 /* PhotoCell.swift */,
				A53166A12B4B0D0200A8B64F /* EventPointTableViewCell.swift */,
				A53166A32B4B2A1800A8B64F /* PointViewController.swift */,
			);
			path = Events;
			sourceTree = "<group>";
		};
		A5327BB22B22605000E40ABE /* Model */ = {
			isa = PBXGroup;
			children = (
				A5327BB02B22604900E40ABE /* DatabaseRepresentation.swift */,
				A5327BB32B2260BA00E40ABE /* EventAuthorModel.swift */,
			);
			path = Model;
			sourceTree = "<group>";
		};
		A543C8BA2C2AB30D00B1CD49 /* Extentions */ = {
			isa = PBXGroup;
			children = (
				A5D2EF072B1B937E00B0151A /* UIViewController+Extension.swift */,
				A543C8BB2C2AB32200B1CD49 /* UIView+extention.swift */,
			);
			path = Extentions;
			sourceTree = "<group>";
		};
		A5D2EED72B17355700B0151A /* Custom */ = {
			isa = PBXGroup;
			children = (
				A5F2E4BE2D099515002F00EA /* WaveformView.swift */,
				A5D2EED82B17356F00B0151A /* CustomButton.swift */,
				A5D2EEDA2B1735A800B0151A /* CustomTextField.swift */,
				A5327BAA2B224E0C00E40ABE /* AppMainHeaderView.swift */,
				A516ADEE2B2669B2003A467A /* AppHeaderView.swift */,
				A543C8BD2C2AFF9A00B1CD49 /* CustomChipsFilterButton.swift */,
				A52F120B2CAEA0A300C3274B /* PopupView.swift */,
			);
			path = Custom;
			sourceTree = "<group>";
		};
		A5D2EF012B1B914400B0151A /* sign in */ = {
			isa = PBXGroup;
			children = (
				A5D2EED52B17300C00B0151A /* AuthViewController.swift */,
				A5D2EEDC2B173B7800B0151A /* AuthPresenter.swift */,
			);
			path = "sign in";
			sourceTree = "<group>";
		};
		A5D2EF022B1B919100B0151A /* registration */ = {
			isa = PBXGroup;
			children = (
				A5D2EF032B1B919E00B0151A /* RegPresenter.swift */,
				A5D2EF052B1B91D000B0151A /* RegView.swift */,
			);
			path = registration;
			sourceTree = "<group>";
		};
		A5D2EF092B1B97DB00B0151A /* restore */ = {
			isa = PBXGroup;
			children = (
				A5D2EF0A2B1B97E500B0151A /* ForgotPasswordPresenter.swift */,
				A5D2EF0C2B1B980600B0151A /* ForgotPassViewController.swift */,
			);
			path = restore;
			sourceTree = "<group>";
		};
/* End PBXGroup section */

/* Begin PBXNativeTarget section */
		A53248662B159A82008AD9DF /* ARtivity */ = {
			isa = PBXNativeTarget;
			buildConfigurationList = A532487B2B159A83008AD9DF /* Build configuration list for PBXNativeTarget "ARtivity" */;
			buildPhases = (
				A53248632B159A82008AD9DF /* Sources */,
				A53248642B159A82008AD9DF /* Frameworks */,
				A53248652B159A82008AD9DF /* Resources */,
			);
			buildRules = (
			);
			dependencies = (
			);
			fileSystemSynchronizedGroups = (
				A5E633DA2D3302D9005813C7 /* Ads */,
			);
			name = ARtivity;
			packageProductDependencies = (
				A53248812B159D10008AD9DF /* SnapKit */,
				A5D2EEDF2B173BEF00B0151A /* FirebaseAppCheck */,
				A5D2EEE12B173BEF00B0151A /* FirebaseAuth */,
				A5D2EEE32B173BEF00B0151A /* FirebaseDatabase */,
				A5D2EEE52B173BEF00B0151A /* FirebaseDatabaseSwift */,
				A5D2EEE72B173BEF00B0151A /* FirebaseFirestore */,
				A5D2EEE92B173BEF00B0151A /* FirebaseFirestoreSwift */,
				A5D2EEEB2B173BEF00B0151A /* FirebaseFunctions */,
				A5D2EEED2B173BEF00B0151A /* FirebaseInAppMessaging-Beta */,
				A5D2EEEF2B173BEF00B0151A /* FirebaseInAppMessagingSwift-Beta */,
				A5D2EEF12B173BEF00B0151A /* FirebaseInstallations */,
				A5D2EEF32B173BEF00B0151A /* FirebaseMessaging */,
				A5D2EEF52B173BEF00B0151A /* FirebasePerformance */,
				A5D2EEF72B173BEF00B0151A /* FirebaseRemoteConfig */,
				A5D2EEF92B173BEF00B0151A /* FirebaseStorage */,
				A52F12162CAEF2F800C3274B /* Reusable */,
			);
			productName = ARtivity;
			productReference = A53248672B159A82008AD9DF /* ARtivity.app */;
			productType = "com.apple.product-type.application";
		};
/* End PBXNativeTarget section */

/* Begin PBXProject section */
		A532485F2B159A82008AD9DF /* Project object */ = {
			isa = PBXProject;
			attributes = {
				BuildIndependentTargetsInParallel = 1;
				LastSwiftUpdateCheck = 1420;
				LastUpgradeCheck = 1420;
				TargetAttributes = {
					A53248662B159A82008AD9DF = {
						CreatedOnToolsVersion = 14.2;
					};
				};
			};
			buildConfigurationList = A53248622B159A82008AD9DF /* Build configuration list for PBXProject "ARtivity" */;
			compatibilityVersion = "Xcode 14.0";
			developmentRegion = en;
			hasScannedForEncodings = 0;
			knownRegions = (
				en,
				Base,
			);
			mainGroup = A532485E2B159A82008AD9DF;
			packageReferences = (
				A53248802B159D10008AD9DF /* XCRemoteSwiftPackageReference "SnapKit" */,
				A5D2EEDE2B173BEF00B0151A /* XCRemoteSwiftPackageReference "firebase-ios-sdk" */,
				A52F12152CAEF2F800C3274B /* XCRemoteSwiftPackageReference "Reusable" */,
			);
			productRefGroup = A53248682B159A82008AD9DF /* Products */;
			projectDirPath = "";
			projectRoot = "";
			targets = (
				A53248662B159A82008AD9DF /* ARtivity */,
			);
		};
/* End PBXProject section */

/* Begin PBXResourcesBuildPhase section */
		A53248652B159A82008AD9DF /* Resources */ = {
			isa = PBXResourcesBuildPhase;
			buildActionMask = 2147483647;
			files = (
				A53248772B159A83008AD9DF /* LaunchScreen.storyboard in Resources */,
				A5327BA72B224AE200E40ABE /* GoogleService-Info.plist in Resources */,
				A53248742B159A83008AD9DF /* Assets.xcassets in Resources */,
				A53248722B159A82008AD9DF /* Main.storyboard in Resources */,
			);
			runOnlyForDeploymentPostprocessing = 0;
		};
/* End PBXResourcesBuildPhase section */

/* Begin PBXSourcesBuildPhase section */
		A53248632B159A82008AD9DF /* Sources */ = {
			isa = PBXSourcesBuildPhase;
			buildActionMask = 2147483647;
			files = (
				A5D2EF0D2B1B980600B0151A /* ForgotPassViewController.swift in Sources */,
				A516ADEF2B2669B2003A467A /* AppHeaderView.swift in Sources */,
				A5327BAB2B224E0C00E40ABE /* AppMainHeaderView.swift in Sources */,
				A5327BB62B2276A900E40ABE /* LoadingCell.swift in Sources */,
				A5D2EEDD2B173B7800B0151A /* AuthPresenter.swift in Sources */,
				A5D2EF0B2B1B97E500B0151A /* ForgotPasswordPresenter.swift in Sources */,
				A53166AE2B4B4A4000A8B64F /* ProfileViewConstants.swift in Sources */,
				A53166A62B4B447400A8B64F /* ProfileViewController.swift in Sources */,
				A5D2EEDB2B1735A800B0151A /* CustomTextField.swift in Sources */,
				A52F12102CAEB93400C3274B /* ErrorView.swift in Sources */,
				A5E5AA522D3964CF007ADEF5 /* History.swift in Sources */,
				A53166AA2B4B44BB00A8B64F /* SettingsSection.swift in Sources */,
				A5327BBA2B230CC900E40ABE /* DatabaseManager.swift in Sources */,
				A527AFF52CEA0D0D00086737 /* PointExitingViewController.swift in Sources */,
				A532486F2B159A82008AD9DF /* ViewController.swift in Sources */,
				A532486B2B159A82008AD9DF /* AppDelegate.swift in Sources */,
				A5D2EF082B1B937E00B0151A /* UIViewController+Extension.swift in Sources */,
				A5D2EED92B17356F00B0151A /* CustomButton.swift in Sources */,
				A5327BB12B22604900E40ABE /* DatabaseRepresentation.swift in Sources */,
				A5D2EF002B17997400B0151A /* UserProfile.swift in Sources */,
				A52F12122CAECEFF00C3274B /* IconButton.swift in Sources */,
				A5327BB42B2260BA00E40ABE /* EventAuthorModel.swift in Sources */,
				A5D2EED62B17300C00B0151A /* AuthViewController.swift in Sources */,
				A516ADED2B2664C4003A467A /* EventViewController.swift in Sources */,
				A5327BA92B224D1200E40ABE /* EventsViewController.swift in Sources */,
				A527AFF32CE8E37800086737 /* PointCreationViewController.swift in Sources */,
				A53166B02B4B4B7100A8B64F /* PlugViewController.swift in Sources */,
				A543C8BC2C2AB32200B1CD49 /* UIView+extention.swift in Sources */,
				A53166A22B4B0D0200A8B64F /* EventPointTableViewCell.swift in Sources */,
				A5D2EF042B1B919E00B0151A /* RegPresenter.swift in Sources */,
				A5327BAD2B2254BB00E40ABE /* EventsTableViewCell.swift in Sources */,
				A5D2EEFE2B17993C00B0151A /* UserService.swift in Sources */,
				A508C6582CFF5D3C007E527D /* MapViewController.swift in Sources */,
				A52F120E2CAEAF2800C3274B /* EventCreationViewController.swift in Sources */,
				A5F2E4BD2D08AA00002F00EA /* RecordVC.swift in Sources */,
				A52F12142CAEF1FE00C3274B /* SelectedImagesCell.swift in Sources */,
				A52F120C2CAEA0A300C3274B /* PopupView.swift in Sources */,
				A532486D2B159A82008AD9DF /* SceneDelegate.swift in Sources */,
				A5E5AA542D396679007ADEF5 /* HistoryTableViewCell.swift in Sources */,
				A5327BBC2B2312CD00E40ABE /* ImageService.swift in Sources */,
				A5D2EF062B1B91D000B0151A /* RegView.swift in Sources */,
				A5D2EEFC2B175E5700B0151A /* CauseOfError.swift in Sources */,
				A5327BAF2B2258DA00E40ABE /* EventsModel.swift in Sources */,
				A53166AC2B4B44D100A8B64F /* UserInfoHeader.swift in Sources */,
				A532487F2B159AD5008AD9DF /* TabBar.swift in Sources */,
				A5F30EE02B3BC88800241D40 /* PhotoCell.swift in Sources */,
				A5F2E4BF2D099516002F00EA /* WaveformView.swift in Sources */,
				A543C8BE2C2AFF9A00B1CD49 /* CustomChipsFilterButton.swift in Sources */,
				A53166A42B4B2A1800A8B64F /* PointViewController.swift in Sources */,
				A53166A82B4B44A700A8B64F /* SettingsCell.swift in Sources */,
				A5478E302CEF5FDC003D479B /* StorageService.swift in Sources */,
			);
			runOnlyForDeploymentPostprocessing = 0;
		};
/* End PBXSourcesBuildPhase section */

/* Begin PBXVariantGroup section */
		A53248702B159A82008AD9DF /* Main.storyboard */ = {
			isa = PBXVariantGroup;
			children = (
				A53248712B159A82008AD9DF /* Base */,
			);
			name = Main.storyboard;
			sourceTree = "<group>";
		};
		A53248752B159A83008AD9DF /* LaunchScreen.storyboard */ = {
			isa = PBXVariantGroup;
			children = (
				A53248762B159A83008AD9DF /* Base */,
			);
			name = LaunchScreen.storyboard;
			sourceTree = "<group>";
		};
/* End PBXVariantGroup section */

/* Begin XCBuildConfiguration section */
		A53248792B159A83008AD9DF /* Debug */ = {
			isa = XCBuildConfiguration;
			buildSettings = {
				ALWAYS_SEARCH_USER_PATHS = NO;
				CLANG_ANALYZER_NONNULL = YES;
				CLANG_ANALYZER_NUMBER_OBJECT_CONVERSION = YES_AGGRESSIVE;
				CLANG_CXX_LANGUAGE_STANDARD = "gnu++20";
				CLANG_ENABLE_MODULES = YES;
				CLANG_ENABLE_OBJC_ARC = YES;
				CLANG_ENABLE_OBJC_WEAK = YES;
				CLANG_WARN_BLOCK_CAPTURE_AUTORELEASING = YES;
				CLANG_WARN_BOOL_CONVERSION = YES;
				CLANG_WARN_COMMA = YES;
				CLANG_WARN_CONSTANT_CONVERSION = YES;
				CLANG_WARN_DEPRECATED_OBJC_IMPLEMENTATIONS = YES;
				CLANG_WARN_DIRECT_OBJC_ISA_USAGE = YES_ERROR;
				CLANG_WARN_DOCUMENTATION_COMMENTS = YES;
				CLANG_WARN_EMPTY_BODY = YES;
				CLANG_WARN_ENUM_CONVERSION = YES;
				CLANG_WARN_INFINITE_RECURSION = YES;
				CLANG_WARN_INT_CONVERSION = YES;
				CLANG_WARN_NON_LITERAL_NULL_CONVERSION = YES;
				CLANG_WARN_OBJC_IMPLICIT_RETAIN_SELF = YES;
				CLANG_WARN_OBJC_LITERAL_CONVERSION = YES;
				CLANG_WARN_OBJC_ROOT_CLASS = YES_ERROR;
				CLANG_WARN_QUOTED_INCLUDE_IN_FRAMEWORK_HEADER = YES;
				CLANG_WARN_RANGE_LOOP_ANALYSIS = YES;
				CLANG_WARN_STRICT_PROTOTYPES = YES;
				CLANG_WARN_SUSPICIOUS_MOVE = YES;
				CLANG_WARN_UNGUARDED_AVAILABILITY = YES_AGGRESSIVE;
				CLANG_WARN_UNREACHABLE_CODE = YES;
				CLANG_WARN__DUPLICATE_METHOD_MATCH = YES;
				COPY_PHASE_STRIP = NO;
				DEBUG_INFORMATION_FORMAT = dwarf;
				ENABLE_STRICT_OBJC_MSGSEND = YES;
				ENABLE_TESTABILITY = YES;
				GCC_C_LANGUAGE_STANDARD = gnu11;
				GCC_DYNAMIC_NO_PIC = NO;
				GCC_NO_COMMON_BLOCKS = YES;
				GCC_OPTIMIZATION_LEVEL = 0;
				GCC_PREPROCESSOR_DEFINITIONS = (
					"DEBUG=1",
					"$(inherited)",
				);
				GCC_WARN_64_TO_32_BIT_CONVERSION = YES;
				GCC_WARN_ABOUT_RETURN_TYPE = YES_ERROR;
				GCC_WARN_UNDECLARED_SELECTOR = YES;
				GCC_WARN_UNINITIALIZED_AUTOS = YES_AGGRESSIVE;
				GCC_WARN_UNUSED_FUNCTION = YES;
				GCC_WARN_UNUSED_VARIABLE = YES;
				IPHONEOS_DEPLOYMENT_TARGET = 16.2;
				MTL_ENABLE_DEBUG_INFO = INCLUDE_SOURCE;
				MTL_FAST_MATH = YES;
				ONLY_ACTIVE_ARCH = YES;
				SDKROOT = iphoneos;
				SWIFT_ACTIVE_COMPILATION_CONDITIONS = DEBUG;
				SWIFT_OPTIMIZATION_LEVEL = "-Onone";
			};
			name = Debug;
		};
		A532487A2B159A83008AD9DF /* Release */ = {
			isa = XCBuildConfiguration;
			buildSettings = {
				ALWAYS_SEARCH_USER_PATHS = NO;
				CLANG_ANALYZER_NONNULL = YES;
				CLANG_ANALYZER_NUMBER_OBJECT_CONVERSION = YES_AGGRESSIVE;
				CLANG_CXX_LANGUAGE_STANDARD = "gnu++20";
				CLANG_ENABLE_MODULES = YES;
				CLANG_ENABLE_OBJC_ARC = YES;
				CLANG_ENABLE_OBJC_WEAK = YES;
				CLANG_WARN_BLOCK_CAPTURE_AUTORELEASING = YES;
				CLANG_WARN_BOOL_CONVERSION = YES;
				CLANG_WARN_COMMA = YES;
				CLANG_WARN_CONSTANT_CONVERSION = YES;
				CLANG_WARN_DEPRECATED_OBJC_IMPLEMENTATIONS = YES;
				CLANG_WARN_DIRECT_OBJC_ISA_USAGE = YES_ERROR;
				CLANG_WARN_DOCUMENTATION_COMMENTS = YES;
				CLANG_WARN_EMPTY_BODY = YES;
				CLANG_WARN_ENUM_CONVERSION = YES;
				CLANG_WARN_INFINITE_RECURSION = YES;
				CLANG_WARN_INT_CONVERSION = YES;
				CLANG_WARN_NON_LITERAL_NULL_CONVERSION = YES;
				CLANG_WARN_OBJC_IMPLICIT_RETAIN_SELF = YES;
				CLANG_WARN_OBJC_LITERAL_CONVERSION = YES;
				CLANG_WARN_OBJC_ROOT_CLASS = YES_ERROR;
				CLANG_WARN_QUOTED_INCLUDE_IN_FRAMEWORK_HEADER = YES;
				CLANG_WARN_RANGE_LOOP_ANALYSIS = YES;
				CLANG_WARN_STRICT_PROTOTYPES = YES;
				CLANG_WARN_SUSPICIOUS_MOVE = YES;
				CLANG_WARN_UNGUARDED_AVAILABILITY = YES_AGGRESSIVE;
				CLANG_WARN_UNREACHABLE_CODE = YES;
				CLANG_WARN__DUPLICATE_METHOD_MATCH = YES;
				COPY_PHASE_STRIP = NO;
				DEBUG_INFORMATION_FORMAT = "dwarf-with-dsym";
				ENABLE_NS_ASSERTIONS = NO;
				ENABLE_STRICT_OBJC_MSGSEND = YES;
				GCC_C_LANGUAGE_STANDARD = gnu11;
				GCC_NO_COMMON_BLOCKS = YES;
				GCC_WARN_64_TO_32_BIT_CONVERSION = YES;
				GCC_WARN_ABOUT_RETURN_TYPE = YES_ERROR;
				GCC_WARN_UNDECLARED_SELECTOR = YES;
				GCC_WARN_UNINITIALIZED_AUTOS = YES_AGGRESSIVE;
				GCC_WARN_UNUSED_FUNCTION = YES;
				GCC_WARN_UNUSED_VARIABLE = YES;
				IPHONEOS_DEPLOYMENT_TARGET = 16.2;
				MTL_ENABLE_DEBUG_INFO = NO;
				MTL_FAST_MATH = YES;
				SDKROOT = iphoneos;
				SWIFT_COMPILATION_MODE = wholemodule;
				SWIFT_OPTIMIZATION_LEVEL = "-O";
				VALIDATE_PRODUCT = YES;
			};
			name = Release;
		};
		A532487C2B159A83008AD9DF /* Debug */ = {
			isa = XCBuildConfiguration;
			buildSettings = {
				ASSETCATALOG_COMPILER_APPICON_NAME = AppIcon;
				ASSETCATALOG_COMPILER_GLOBAL_ACCENT_COLOR_NAME = AccentColor;
				CODE_SIGN_STYLE = Automatic;
				CURRENT_PROJECT_VERSION = 1;
				DEVELOPMENT_TEAM = M68PAW62J5;
				GENERATE_INFOPLIST_FILE = YES;
				INFOPLIST_FILE = ARtivity/Info.plist;
				INFOPLIST_KEY_UIApplicationSupportsIndirectInputEvents = YES;
				INFOPLIST_KEY_UILaunchStoryboardName = LaunchScreen;
				INFOPLIST_KEY_UIMainStoryboardFile = Main;
				INFOPLIST_KEY_UISupportedInterfaceOrientations_iPad = "UIInterfaceOrientationPortrait UIInterfaceOrientationPortraitUpsideDown UIInterfaceOrientationLandscapeLeft UIInterfaceOrientationLandscapeRight";
				INFOPLIST_KEY_UISupportedInterfaceOrientations_iPhone = "UIInterfaceOrientationPortrait UIInterfaceOrientationLandscapeLeft UIInterfaceOrientationLandscapeRight";
				IPHONEOS_DEPLOYMENT_TARGET = 16.0;
				LD_RUNPATH_SEARCH_PATHS = (
					"$(inherited)",
					"@executable_path/Frameworks",
				);
				MARKETING_VERSION = 1.0;
				PRODUCT_BUNDLE_IDENTIFIER = com.k1selev.ARtivity;
				PRODUCT_NAME = "$(TARGET_NAME)";
				SWIFT_EMIT_LOC_STRINGS = YES;
				SWIFT_VERSION = 5.0;
				TARGETED_DEVICE_FAMILY = "1,2";
			};
			name = Debug;
		};
		A532487D2B159A83008AD9DF /* Release */ = {
			isa = XCBuildConfiguration;
			buildSettings = {
				ASSETCATALOG_COMPILER_APPICON_NAME = AppIcon;
				ASSETCATALOG_COMPILER_GLOBAL_ACCENT_COLOR_NAME = AccentColor;
				CODE_SIGN_STYLE = Automatic;
				CURRENT_PROJECT_VERSION = 1;
				DEVELOPMENT_TEAM = M68PAW62J5;
				GENERATE_INFOPLIST_FILE = YES;
				INFOPLIST_FILE = ARtivity/Info.plist;
				INFOPLIST_KEY_UIApplicationSupportsIndirectInputEvents = YES;
				INFOPLIST_KEY_UILaunchStoryboardName = LaunchScreen;
				INFOPLIST_KEY_UIMainStoryboardFile = Main;
				INFOPLIST_KEY_UISupportedInterfaceOrientations_iPad = "UIInterfaceOrientationPortrait UIInterfaceOrientationPortraitUpsideDown UIInterfaceOrientationLandscapeLeft UIInterfaceOrientationLandscapeRight";
				INFOPLIST_KEY_UISupportedInterfaceOrientations_iPhone = "UIInterfaceOrientationPortrait UIInterfaceOrientationLandscapeLeft UIInterfaceOrientationLandscapeRight";
				IPHONEOS_DEPLOYMENT_TARGET = 16.0;
				LD_RUNPATH_SEARCH_PATHS = (
					"$(inherited)",
					"@executable_path/Frameworks",
				);
				MARKETING_VERSION = 1.0;
				PRODUCT_BUNDLE_IDENTIFIER = com.k1selev.ARtivity;
				PRODUCT_NAME = "$(TARGET_NAME)";
				SWIFT_EMIT_LOC_STRINGS = YES;
				SWIFT_VERSION = 5.0;
				TARGETED_DEVICE_FAMILY = "1,2";
			};
			name = Release;
		};
/* End XCBuildConfiguration section */

/* Begin XCConfigurationList section */
		A53248622B159A82008AD9DF /* Build configuration list for PBXProject "ARtivity" */ = {
			isa = XCConfigurationList;
			buildConfigurations = (
				A53248792B159A83008AD9DF /* Debug */,
				A532487A2B159A83008AD9DF /* Release */,
			);
			defaultConfigurationIsVisible = 0;
			defaultConfigurationName = Release;
		};
		A532487B2B159A83008AD9DF /* Build configuration list for PBXNativeTarget "ARtivity" */ = {
			isa = XCConfigurationList;
			buildConfigurations = (
				A532487C2B159A83008AD9DF /* Debug */,
				A532487D2B159A83008AD9DF /* Release */,
			);
			defaultConfigurationIsVisible = 0;
			defaultConfigurationName = Release;
		};
/* End XCConfigurationList section */

/* Begin XCRemoteSwiftPackageReference section */
		A52F12152CAEF2F800C3274B /* XCRemoteSwiftPackageReference "Reusable" */ = {
			isa = XCRemoteSwiftPackageReference;
			repositoryURL = "https://github.com/AliSoftware/Reusable.git";
			requirement = {
				kind = upToNextMajorVersion;
				minimumVersion = 4.1.2;
			};
		};
		A53248802B159D10008AD9DF /* XCRemoteSwiftPackageReference "SnapKit" */ = {
			isa = XCRemoteSwiftPackageReference;
			repositoryURL = "https://github.com/SnapKit/SnapKit";
			requirement = {
				kind = upToNextMajorVersion;
				minimumVersion = 5.0.0;
			};
		};
		A5D2EEDE2B173BEF00B0151A /* XCRemoteSwiftPackageReference "firebase-ios-sdk" */ = {
			isa = XCRemoteSwiftPackageReference;
			repositoryURL = "https://github.com/firebase/firebase-ios-sdk.git";
			requirement = {
				kind = upToNextMajorVersion;
				minimumVersion = 10.0.0;
			};
		};
/* End XCRemoteSwiftPackageReference section */

/* Begin XCSwiftPackageProductDependency section */
		A52F12162CAEF2F800C3274B /* Reusable */ = {
			isa = XCSwiftPackageProductDependency;
			package = A52F12152CAEF2F800C3274B /* XCRemoteSwiftPackageReference "Reusable" */;
			productName = Reusable;
		};
		A53248812B159D10008AD9DF /* SnapKit */ = {
			isa = XCSwiftPackageProductDependency;
			package = A53248802B159D10008AD9DF /* XCRemoteSwiftPackageReference "SnapKit" */;
			productName = SnapKit;
		};
		A5D2EEDF2B173BEF00B0151A /* FirebaseAppCheck */ = {
			isa = XCSwiftPackageProductDependency;
			package = A5D2EEDE2B173BEF00B0151A /* XCRemoteSwiftPackageReference "firebase-ios-sdk" */;
			productName = FirebaseAppCheck;
		};
		A5D2EEE12B173BEF00B0151A /* FirebaseAuth */ = {
			isa = XCSwiftPackageProductDependency;
			package = A5D2EEDE2B173BEF00B0151A /* XCRemoteSwiftPackageReference "firebase-ios-sdk" */;
			productName = FirebaseAuth;
		};
		A5D2EEE32B173BEF00B0151A /* FirebaseDatabase */ = {
			isa = XCSwiftPackageProductDependency;
			package = A5D2EEDE2B173BEF00B0151A /* XCRemoteSwiftPackageReference "firebase-ios-sdk" */;
			productName = FirebaseDatabase;
		};
		A5D2EEE52B173BEF00B0151A /* FirebaseDatabaseSwift */ = {
			isa = XCSwiftPackageProductDependency;
			package = A5D2EEDE2B173BEF00B0151A /* XCRemoteSwiftPackageReference "firebase-ios-sdk" */;
			productName = FirebaseDatabaseSwift;
		};
		A5D2EEE72B173BEF00B0151A /* FirebaseFirestore */ = {
			isa = XCSwiftPackageProductDependency;
			package = A5D2EEDE2B173BEF00B0151A /* XCRemoteSwiftPackageReference "firebase-ios-sdk" */;
			productName = FirebaseFirestore;
		};
		A5D2EEE92B173BEF00B0151A /* FirebaseFirestoreSwift */ = {
			isa = XCSwiftPackageProductDependency;
			package = A5D2EEDE2B173BEF00B0151A /* XCRemoteSwiftPackageReference "firebase-ios-sdk" */;
			productName = FirebaseFirestoreSwift;
		};
		A5D2EEEB2B173BEF00B0151A /* FirebaseFunctions */ = {
			isa = XCSwiftPackageProductDependency;
			package = A5D2EEDE2B173BEF00B0151A /* XCRemoteSwiftPackageReference "firebase-ios-sdk" */;
			productName = FirebaseFunctions;
		};
		A5D2EEED2B173BEF00B0151A /* FirebaseInAppMessaging-Beta */ = {
			isa = XCSwiftPackageProductDependency;
			package = A5D2EEDE2B173BEF00B0151A /* XCRemoteSwiftPackageReference "firebase-ios-sdk" */;
			productName = "FirebaseInAppMessaging-Beta";
		};
		A5D2EEEF2B173BEF00B0151A /* FirebaseInAppMessagingSwift-Beta */ = {
			isa = XCSwiftPackageProductDependency;
			package = A5D2EEDE2B173BEF00B0151A /* XCRemoteSwiftPackageReference "firebase-ios-sdk" */;
			productName = "FirebaseInAppMessagingSwift-Beta";
		};
		A5D2EEF12B173BEF00B0151A /* FirebaseInstallations */ = {
			isa = XCSwiftPackageProductDependency;
			package = A5D2EEDE2B173BEF00B0151A /* XCRemoteSwiftPackageReference "firebase-ios-sdk" */;
			productName = FirebaseInstallations;
		};
		A5D2EEF32B173BEF00B0151A /* FirebaseMessaging */ = {
			isa = XCSwiftPackageProductDependency;
			package = A5D2EEDE2B173BEF00B0151A /* XCRemoteSwiftPackageReference "firebase-ios-sdk" */;
			productName = FirebaseMessaging;
		};
		A5D2EEF52B173BEF00B0151A /* FirebasePerformance */ = {
			isa = XCSwiftPackageProductDependency;
			package = A5D2EEDE2B173BEF00B0151A /* XCRemoteSwiftPackageReference "firebase-ios-sdk" */;
			productName = FirebasePerformance;
		};
		A5D2EEF72B173BEF00B0151A /* FirebaseRemoteConfig */ = {
			isa = XCSwiftPackageProductDependency;
			package = A5D2EEDE2B173BEF00B0151A /* XCRemoteSwiftPackageReference "firebase-ios-sdk" */;
			productName = FirebaseRemoteConfig;
		};
		A5D2EEF92B173BEF00B0151A /* FirebaseStorage */ = {
			isa = XCSwiftPackageProductDependency;
			package = A5D2EEDE2B173BEF00B0151A /* XCRemoteSwiftPackageReference "firebase-ios-sdk" */;
			productName = FirebaseStorage;
		};
/* End XCSwiftPackageProductDependency section */
	};
	rootObject = A532485F2B159A82008AD9DF /* Project object */;
}
